
Microsoft Visual Studio Solution File, Format Version 12.00
# Visual Studio Version 17
VisualStudioVersion = 17.0.32126.317
MinimumVisualStudioVersion = 10.0.40219.1
Project("{FAE04EC0-301F-11D3-BF4B-00C04F79EFBC}") = "Helpers", "Helpers\Helpers.csproj", "{77BCD299-14F7-4578-A722-2DC64425489D}"
EndProject
Global
	GlobalSection(SolutionConfigurationPlatforms) = preSolution
		Debug|Any CPU = Debug|Any CPU
		Release|Any CPU = Release|Any CPU
	EndGlobalSection
	GlobalSection(ProjectConfigurationPlatforms) = postSolution
		{77BCD299-14F7-4578-A722-2DC64425489D}.Debug|Any CPU.ActiveCfg = Debug|Any CPU
		{77BCD299-14F7-4578-A722-2DC64425489D}.Debug|Any CPU.Build.0 = Debug|Any CPU
		{77BCD299-14F7-4578-A722-2DC64425489D}.Release|Any CPU.ActiveCfg = Release|Any CPU
		{77BCD299-14F7-4578-A722-2DC64425489D}.Release|Any CPU.Build.0 = Release|Any CPU
	EndGlobalSection
	GlobalSection(SolutionProperties) = preSolution
		HideSolutionNode = FALSE
	EndGlobalSection
	GlobalSection(ExtensibilityGlobals) = postSolution
		SolutionGuid = {DED9E6B8-415D-4325-8B6D-A4FCB4384A59}
	EndGlobalSection
EndGlobal
